
Microsoft Visual Studio Solution File, Format Version 12.00
# Visual Studio 2012
Project("{2150E333-8FDC-42A3-9474-1A3956D46DE8}") = "Tests", "Tests", "{EB638AC2-ABCD-4E9A-8D1D-41123407D7C8}"
	ProjectSection(SolutionItems) = preProject
		Tests\IntegrationTests.testsettings = Tests\IntegrationTests.testsettings
		Tests\UnitTests.testsettings = Tests\UnitTests.testsettings
	EndProjectSection
EndProject
Project("{FAE04EC0-301F-11D3-BF4B-00C04F79EFBC}") = "Integration.Test", "Tests\Integration.Test\Integration.Test.csproj", "{E7C93F34-B16A-4165-A4C6-5A9720307CF4}"
EndProject
Project("{FAE04EC0-301F-11D3-BF4B-00C04F79EFBC}") = "Savant.Test", "Tests\Savant.Test\Savant.Test.csproj", "{94CFCBEB-DC90-4CD4-A913-BE41A1B03E99}"
EndProject
Project("{FAE04EC0-301F-11D3-BF4B-00C04F79EFBC}") = "VsExtension", "VsExtension\VsExtension.csproj", "{565FF068-DD4A-4730-91DD-AD1C2328858A}"
EndProject
Project("{FAE04EC0-301F-11D3-BF4B-00C04F79EFBC}") = "VisualStudio.Interop", "VisualStudio.Interop\VisualStudio.Interop.csproj", "{380FC1CB-68CF-4057-8DF3-F8260D3EA3B5}"
EndProject
Project("{FAE04EC0-301F-11D3-BF4B-00C04F79EFBC}") = "IntegrationTestLibrary", "IntegrationTestLibrary\IntegrationTestLibrary.csproj", "{648DA260-893B-485B-9E5A-5454E391FAC7}"
EndProject
Project("{FAE04EC0-301F-11D3-BF4B-00C04F79EFBC}") = "Core", "Core\Core.csproj", "{3C019D60-6FE7-44C5-870A-07C402FC670D}"
EndProject
Project("{2150E333-8FDC-42A3-9474-1A3956D46DE8}") = "Legacy Macros", "Legacy Macros", "{5BB0C707-FE0E-4EFE-BC65-7DEB2BF54850}"
	ProjectSection(SolutionItems) = preProject
		Legacy Macros\Old Documentation Macros.txt = Legacy Macros\Old Documentation Macros.txt
	EndProjectSection
EndProject
Global
	GlobalSection(SolutionConfigurationPlatforms) = preSolution
		Debug|Any CPU = Debug|Any CPU
		Release|Any CPU = Release|Any CPU
	EndGlobalSection
	GlobalSection(ProjectConfigurationPlatforms) = postSolution
		{E7C93F34-B16A-4165-A4C6-5A9720307CF4}.Debug|Any CPU.ActiveCfg = Debug|Any CPU
		{E7C93F34-B16A-4165-A4C6-5A9720307CF4}.Debug|Any CPU.Build.0 = Debug|Any CPU
		{E7C93F34-B16A-4165-A4C6-5A9720307CF4}.Release|Any CPU.ActiveCfg = Release|Any CPU
		{E7C93F34-B16A-4165-A4C6-5A9720307CF4}.Release|Any CPU.Build.0 = Release|Any CPU
		{94CFCBEB-DC90-4CD4-A913-BE41A1B03E99}.Debug|Any CPU.ActiveCfg = Debug|Any CPU
		{94CFCBEB-DC90-4CD4-A913-BE41A1B03E99}.Debug|Any CPU.Build.0 = Debug|Any CPU
		{94CFCBEB-DC90-4CD4-A913-BE41A1B03E99}.Release|Any CPU.ActiveCfg = Release|Any CPU
		{94CFCBEB-DC90-4CD4-A913-BE41A1B03E99}.Release|Any CPU.Build.0 = Release|Any CPU
		{565FF068-DD4A-4730-91DD-AD1C2328858A}.Debug|Any CPU.ActiveCfg = Debug|Any CPU
		{565FF068-DD4A-4730-91DD-AD1C2328858A}.Debug|Any CPU.Build.0 = Debug|Any CPU
		{565FF068-DD4A-4730-91DD-AD1C2328858A}.Release|Any CPU.ActiveCfg = Release|Any CPU
		{565FF068-DD4A-4730-91DD-AD1C2328858A}.Release|Any CPU.Build.0 = Release|Any CPU
		{380FC1CB-68CF-4057-8DF3-F8260D3EA3B5}.Debug|Any CPU.ActiveCfg = Debug|Any CPU
		{380FC1CB-68CF-4057-8DF3-F8260D3EA3B5}.Debug|Any CPU.Build.0 = Debug|Any CPU
		{380FC1CB-68CF-4057-8DF3-F8260D3EA3B5}.Release|Any CPU.ActiveCfg = Release|Any CPU
		{380FC1CB-68CF-4057-8DF3-F8260D3EA3B5}.Release|Any CPU.Build.0 = Release|Any CPU
		{648DA260-893B-485B-9E5A-5454E391FAC7}.Debug|Any CPU.ActiveCfg = Debug|Any CPU
		{648DA260-893B-485B-9E5A-5454E391FAC7}.Debug|Any CPU.Build.0 = Debug|Any CPU
		{648DA260-893B-485B-9E5A-5454E391FAC7}.Release|Any CPU.ActiveCfg = Release|Any CPU
		{648DA260-893B-485B-9E5A-5454E391FAC7}.Release|Any CPU.Build.0 = Release|Any CPU
		{3C019D60-6FE7-44C5-870A-07C402FC670D}.Debug|Any CPU.ActiveCfg = Debug|Any CPU
		{3C019D60-6FE7-44C5-870A-07C402FC670D}.Debug|Any CPU.Build.0 = Debug|Any CPU
		{3C019D60-6FE7-44C5-870A-07C402FC670D}.Release|Any CPU.ActiveCfg = Release|Any CPU
		{3C019D60-6FE7-44C5-870A-07C402FC670D}.Release|Any CPU.Build.0 = Release|Any CPU
	EndGlobalSection
	GlobalSection(SolutionProperties) = preSolution
		HideSolutionNode = FALSE
	EndGlobalSection
	GlobalSection(NestedProjects) = preSolution
		{E7C93F34-B16A-4165-A4C6-5A9720307CF4} = {EB638AC2-ABCD-4E9A-8D1D-41123407D7C8}
		{94CFCBEB-DC90-4CD4-A913-BE41A1B03E99} = {EB638AC2-ABCD-4E9A-8D1D-41123407D7C8}
		{648DA260-893B-485B-9E5A-5454E391FAC7} = {EB638AC2-ABCD-4E9A-8D1D-41123407D7C8}
	EndGlobalSection
EndGlobal
